
Microsoft Visual Studio Solution File, Format Version 12.00
# Visual Studio Version 17
VisualStudioVersion = 17.13.36105.23
MinimumVisualStudioVersion = 10.0.40219.1
Project("{FAE04EC0-301F-11D3-BF4B-00C04F79EFBC}") = "FAP-API", "FAP-API\FAP-API.csproj", "{62897854-AEC5-4FAD-8E9B-054FDFBBDF20}"
EndProject
Global
	GlobalSection(SolutionConfigurationPlatforms) = preSolution
		Debug|Any CPU = Debug|Any CPU
		Release|Any CPU = Release|Any CPU
	EndGlobalSection
	GlobalSection(ProjectConfigurationPlatforms) = postSolution
		{62897854-AEC5-4FAD-8E9B-054FDFBBDF20}.Debug|Any CPU.ActiveCfg = Debug|Any CPU
		{62897854-AEC5-4FAD-8E9B-054FDFBBDF20}.Debug|Any CPU.Build.0 = Debug|Any CPU
		{62897854-AEC5-4FAD-8E9B-054FDFBBDF20}.Release|Any CPU.ActiveCfg = Release|Any CPU
		{62897854-AEC5-4FAD-8E9B-054FDFBBDF20}.Release|Any CPU.Build.0 = Release|Any CPU
	EndGlobalSection
	GlobalSection(SolutionProperties) = preSolution
		HideSolutionNode = FALSE
	EndGlobalSection
	GlobalSection(ExtensibilityGlobals) = postSolution
		SolutionGuid = {FC103D9A-E0A4-4D06-A7D8-D3458E1A3F6A}
	EndGlobalSection
EndGlobal
